// !$*UTF8*$!
{
	archiveVersion = 1;
	classes = {
	};
	objectVersion = 46;
	objects = {

/* Begin PBXBuildFile section */
		509281B81B93FF18008B303C /* main.m in Sources */ = {isa = PBXBuildFile; fileRef = 509281B71B93FF18008B303C /* main.m */; };
		509281BB1B93FF18008B303C /* AppDelegate.m in Sources */ = {isa = PBXBuildFile; fileRef = 509281BA1B93FF18008B303C /* AppDelegate.m */; };
		509281BE1B93FF18008B303C /* ViewController.m in Sources */ = {isa = PBXBuildFile; fileRef = 509281BD1B93FF18008B303C /* ViewController.m */; };
		509281C11B93FF18008B303C /* Main.storyboard in Resources */ = {isa = PBXBuildFile; fileRef = 509281BF1B93FF18008B303C /* Main.storyboard */; };
		509281C31B93FF18008B303C /* Images.xcassets in Resources */ = {isa = PBXBuildFile; fileRef = 509281C21B93FF18008B303C /* Images.xcassets */; };
		509281C61B93FF18008B303C /* LaunchScreen.xib in Resources */ = {isa = PBXBuildFile; fileRef = 509281C41B93FF18008B303C /* LaunchScreen.xib */; };
		509281D21B93FF18008B303C /* myBlockTests.m in Sources */ = {isa = PBXBuildFile; fileRef = 509281D11B93FF18008B303C /* myBlockTests.m */; };
/* End PBXBuildFile section */

/* Begin PBXContainerItemProxy section */
		509281CC1B93FF18008B303C /* PBXContainerItemProxy */ = {
			isa = PBXContainerItemProxy;
			containerPortal = 509281AA1B93FF18008B303C /* Project object */;
			proxyType = 1;
			remoteGlobalIDString = 509281B11B93FF18008B303C;
			remoteInfo = myBlock;
		};
/* End PBXContainerItemProxy section */

/* Begin PBXFileReference section */
		509281B21B93FF18008B303C /* myBlock.app */ = {isa = PBXFileReference; explicitFileType = wrapper.application; includeInIndex = 0; path = myBlock.app; sourceTree = BUILT_PRODUCTS_DIR; };
		509281B61B93FF18008B303C /* Info.plist */ = {isa = PBXFileReference; lastKnownFileType = text.plist.xml; path = Info.plist; sourceTree = "<group>"; };
		509281B71B93FF18008B303C /* main.m */ = {isa = PBXFileReference; lastKnownFileType = sourcecode.c.objc; path = main.m; sourceTree = "<group>"; };
		509281B91B93FF18008B303C /* AppDelegate.h */ = {isa = PBXFileReference; lastKnownFileType = sourcecode.c.h; path = AppDelegate.h; sourceTree = "<group>"; };
		509281BA1B93FF18008B303C /* AppDelegate.m */ = {isa = PBXFileReference; lastKnownFileType = sourcecode.c.objc; path = AppDelegate.m; sourceTree = "<group>"; };
		509281BC1B93FF18008B303C /* ViewController.h */ = {isa = PBXFileReference; lastKnownFileType = sourcecode.c.h; path = ViewController.h; sourceTree = "<group>"; };
		509281BD1B93FF18008B303C /* ViewController.m */ = {isa = PBXFileReference; lastKnownFileType = sourcecode.c.objc; path = ViewController.m; sourceTree = "<group>"; };
		509281C01B93FF18008B303C /* Base */ = {isa = PBXFileReference; lastKnownFileType = file.storyboard; name = Base; path = Base.lproj/Main.storyboard; sourceTree = "<group>"; };
		509281C21B93FF18008B303C /* Images.xcassets */ = {isa = PBXFileReference; lastKnownFileType = folder.assetcatalog; path = Images.xcassets; sourceTree = "<group>"; };
		509281C51B93FF18008B303C /* Base */ = {isa = PBXFileReference; lastKnownFileType = file.xib; name = Base; path = Base.lproj/LaunchScreen.xib; sourceTree = "<group>"; };
		509281CB1B93FF18008B303C /* myBlockTests.xctest */ = {isa = PBXFileReference; explicitFileType = wrapper.cfbundle; includeInIndex = 0; path = myBlockTests.xctest; sourceTree = BUILT_PRODUCTS_DIR; };
		509281D01B93FF18008B303C /* Info.plist */ = {isa = PBXFileReference; lastKnownFileType = text.plist.xml; path = Info.plist; sourceTree = "<group>"; };
		509281D11B93FF18008B303C /* myBlockTests.m */ = {isa = PBXFileReference; lastKnownFileType = sourcecode.c.objc; path = myBlockTests.m; sourceTree = "<group>"; };
/* End PBXFileReference section */

/* Begin PBXFrameworksBuildPhase section */
		509281AF1B93FF18008B303C /* Frameworks */ = {
			isa = PBXFrameworksBuildPhase;
			buildActionMask = 2147483647;
			files = (
			);
			runOnlyForDeploymentPostprocessing = 0;
		};
		509281C81B93FF18008B303C /* Frameworks */ = {
			isa = PBXFrameworksBuildPhase;
			buildActionMask = 2147483647;
			files = (
			);
			runOnlyForDeploymentPostprocessing = 0;
		};
/* End PBXFrameworksBuildPhase section */

/* Begin PBXGroup section */
		509281A91B93FF18008B303C = {
			isa = PBXGroup;
			children = (
				509281B41B93FF18008B303C /* myBlock */,
				509281CE1B93FF18008B303C /* myBlockTests */,
				509281B31B93FF18008B303C /* Products */,
			);
			sourceTree = "<group>";
		};
		509281B31B93FF18008B303C /* Products */ = {
			isa = PBXGroup;
			children = (
				509281B21B93FF18008B303C /* myBlock.app */,
				509281CB1B93FF18008B303C /* myBlockTests.xctest */,
			);
			name = Products;
			sourceTree = "<group>";
		};
		509281B41B93FF18008B303C /* myBlock */ = {
			isa = PBXGroup;
			children = (
				509281B91B93FF18008B303C /* AppDelegate.h */,
				509281BA1B93FF18008B303C /* AppDelegate.m */,
				509281BC1B93FF18008B303C /* ViewController.h */,
				509281BD1B93FF18008B303C /* ViewController.m */,
				509281BF1B93FF18008B303C /* Main.storyboard */,
				509281C21B93FF18008B303C /* Images.xcassets */,
				509281C41B93FF18008B303C /* LaunchScreen.xib */,
				509281B51B93FF18008B303C /* Supporting Files */,
			);
			path = myBlock;
			sourceTree = "<group>";
		};
		509281B51B93FF18008B303C /* Supporting Files */ = {
			isa = PBXGroup;
			children = (
				509281B61B93FF18008B303C /* Info.plist */,
				509281B71B93FF18008B303C /* main.m */,
			);
			name = "Supporting Files";
			sourceTree = "<group>";
		};
		509281CE1B93FF18008B303C /* myBlockTests */ = {
			isa = PBXGroup;
			children = (
				509281D11B93FF18008B303C /* myBlockTests.m */,
				509281CF1B93FF18008B303C /* Supporting Files */,
			);
			path = myBlockTests;
			sourceTree = "<group>";
		};
		509281CF1B93FF18008B303C /* Supporting Files */ = {
			isa = PBXGroup;
			children = (
				509281D01B93FF18008B303C /* Info.plist */,
			);
			name = "Supporting Files";
			sourceTree = "<group>";
		};
/* End PBXGroup section */

/* Begin PBXNativeTarget section */
		509281B11B93FF18008B303C /* myBlock */ = {
			isa = PBXNativeTarget;
			buildConfigurationList = 509281D51B93FF18008B303C /* Build configuration list for PBXNativeTarget "myBlock" */;
			buildPhases = (
				509281AE1B93FF18008B303C /* Sources */,
				509281AF1B93FF18008B303C /* Frameworks */,
				509281B01B93FF18008B303C /* Resources */,
			);
			buildRules = (
			);
			dependencies = (
			);
			name = myBlock;
			productName = myBlock;
			productReference = 509281B21B93FF18008B303C /* myBlock.app */;
			productType = "com.apple.product-type.application";
		};
		509281CA1B93FF18008B303C /* myBlockTests */ = {
			isa = PBXNativeTarget;
			buildConfigurationList = 509281D81B93FF18008B303C /* Build configuration list for PBXNativeTarget "myBlockTests" */;
			buildPhases = (
				509281C71B93FF18008B303C /* Sources */,
				509281C81B93FF18008B303C /* Frameworks */,
				509281C91B93FF18008B303C /* Resources */,
			);
			buildRules = (
			);
			dependencies = (
				509281CD1B93FF18008B303C /* PBXTargetDependency */,
			);
			name = myBlockTests;
			productName = myBlockTests;
			productReference = 509281CB1B93FF18008B303C /* myBlockTests.xctest */;
			productType = "com.apple.product-type.bundle.unit-test";
		};
/* End PBXNativeTarget section */

/* Begin PBXProject section */
		509281AA1B93FF18008B303C /* Project object */ = {
			isa = PBXProject;
			attributes = {
				LastUpgradeCheck = 0640;
				ORGANIZATIONNAME = mch;
				TargetAttributes = {
					509281B11B93FF18008B303C = {
						CreatedOnToolsVersion = 6.4;
					};
					509281CA1B93FF18008B303C = {
						CreatedOnToolsVersion = 6.4;
						TestTargetID = 509281B11B93FF18008B303C;
					};
				};
			};
			buildConfigurationList = 509281AD1B93FF18008B303C /* Build configuration list for PBXProject "myBlock" */;
			compatibilityVersion = "Xcode 3.2";
			developmentRegion = English;
			hasScannedForEncodings = 0;
			knownRegions = (
				en,
				Base,
			);
			mainGroup = 509281A91B93FF18008B303C;
			productRefGroup = 509281B31B93FF18008B303C /* Products */;
			projectDirPath = "";
			projectRoot = "";
			targets = (
				509281B11B93FF18008B303C /* myBlock */,
				509281CA1B93FF18008B303C /* myBlockTests */,
			);
		};
/* End PBXProject section */

/* Begin PBXResourcesBuildPhase section */
		509281B01B93FF18008B303C /* Resources */ = {
			isa = PBXResourcesBuildPhase;
			buildActionMask = 2147483647;
			files = (
				509281C11B93FF18008B303C /* Main.storyboard in Resources */,
				509281C61B93FF18008B303C /* LaunchScreen.xib in Resources */,
				509281C31B93FF18008B303C /* Images.xcassets in Resources */,
			);
			runOnlyForDeploymentPostprocessing = 0;
		};
		509281C91B93FF18008B303C /* Resources */ = {
			isa = PBXResourcesBuildPhase;
			buildActionMask = 2147483647;
			files = (
			);
			runOnlyForDeploymentPostprocessing = 0;
		};
/* End PBXResourcesBuildPhase section */

/* Begin PBXSourcesBuildPhase section */
		509281AE1B93FF18008B303C /* Sources */ = {
			isa = PBXSourcesBuildPhase;
			buildActionMask = 2147483647;
			files = (
				509281BE1B93FF18008B303C /* ViewController.m in Sources */,
				509281BB1B93FF18008B303C /* AppDelegate.m in Sources */,
				509281B81B93FF18008B303C /* main.m in Sources */,
			);
			runOnlyForDeploymentPostprocessing = 0;
		};
		509281C71B93FF18008B303C /* Sources */ = {
			isa = PBXSourcesBuildPhase;
			buildActionMask = 2147483647;
			files = (
				509281D21B93FF18008B303C /* myBlockTests.m in Sources */,
			);
			runOnlyForDeploymentPostprocessing = 0;
		};
/* End PBXSourcesBuildPhase section */

/* Begin PBXTargetDependency section */
		509281CD1B93FF18008B303C /* PBXTargetDependency */ = {
			isa = PBXTargetDependency;
			target = 509281B11B93FF18008B303C /* myBlock */;
			targetProxy = 509281CC1B93FF18008B303C /* PBXContainerItemProxy */;
		};
/* End PBXTargetDependency section */

/* Begin PBXVariantGroup section */
		509281BF1B93FF18008B303C /* Main.storyboard */ = {
			isa = PBXVariantGroup;
			children = (
				509281C01B93FF18008B303C /* Base */,
			);
			name = Main.storyboard;
			sourceTree = "<group>";
		};
		509281C41B93FF18008B303C /* LaunchScreen.xib */ = {
			isa = PBXVariantGroup;
			children = (
				509281C51B93FF18008B303C /* Base */,
			);
			name = LaunchScreen.xib;
			sourceTree = "<group>";
		};
/* End PBXVariantGroup section */

/* Begin XCBuildConfiguration section */
		509281D31B93FF18008B303C /* Debug */ = {
			isa = XCBuildConfiguration;
			buildSettings = {
				ALWAYS_SEARCH_USER_PATHS = NO;
				CLANG_CXX_LANGUAGE_STANDARD = "gnu++0x";
				CLANG_CXX_LIBRARY = "libc++";
				CLANG_ENABLE_MODULES = YES;
				CLANG_ENABLE_OBJC_ARC = YES;
				CLANG_WARN_BOOL_CONVERSION = YES;
				CLANG_WARN_CONSTANT_CONVERSION = YES;
				CLANG_WARN_DIRECT_OBJC_ISA_USAGE = YES_ERROR;
				CLANG_WARN_EMPTY_BODY = YES;
				CLANG_WARN_ENUM_CONVERSION = YES;
				CLANG_WARN_INT_CONVERSION = YES;
				CLANG_WARN_OBJC_ROOT_CLASS = YES_ERROR;
				CLANG_WARN_UNREACHABLE_CODE = YES;
				CLANG_WARN__DUPLICATE_METHOD_MATCH = YES;
				"CODE_SIGN_IDENTITY[sdk=iphoneos*]" = "iPhone Developer";
				COPY_PHASE_STRIP = NO;
				DEBUG_INFORMATION_FORMAT = "dwarf-with-dsym";
				ENABLE_STRICT_OBJC_MSGSEND = YES;
				GCC_C_LANGUAGE_STANDARD = gnu99;
				GCC_DYNAMIC_NO_PIC = NO;
				GCC_NO_COMMON_BLOCKS = YES;
				GCC_OPTIMIZATION_LEVEL = 0;
				GCC_PREPROCESSOR_DEFINITIONS = (
					"DEBUG=1",
					"$(inherited)",
				);
				GCC_SYMBOLS_PRIVATE_EXTERN = NO;
				GCC_WARN_64_TO_32_BIT_CONVERSION = YES;
				GCC_WARN_ABOUT_RETURN_TYPE = YES_ERROR;
				GCC_WARN_UNDECLARED_SELECTOR = YES;
				GCC_WARN_UNINITIALIZED_AUTOS = YES_AGGRESSIVE;
				GCC_WARN_UNUSED_FUNCTION = YES;
				GCC_WARN_UNUSED_VARIABLE = YES;
				IPHONEOS_DEPLOYMENT_TARGET = 8.4;
				MTL_ENABLE_DEBUG_INFO = YES;
				ONLY_ACTIVE_ARCH = YES;
				SDKROOT = iphoneos;
			};
			name = Debug;
		};
		509281D41B93FF18008B303C /* Release */ = {
			isa = XCBuildConfiguration;
			buildSettings = {
				ALWAYS_SEARCH_USER_PATHS = NO;
				CLANG_CXX_LANGUAGE_STANDARD = "gnu++0x";
				CLANG_CXX_LIBRARY = "libc++";
				CLANG_ENABLE_MODULES = YES;
				CLANG_ENABLE_OBJC_ARC = YES;
				CLANG_WARN_BOOL_CONVERSION = YES;
				CLANG_WARN_CONSTANT_CONVERSION = YES;
				CLANG_WARN_DIRECT_OBJC_ISA_USAGE = YES_ERROR;
				CLANG_WARN_EMPTY_BODY = YES;
				CLANG_WARN_ENUM_CONVERSION = YES;
				CLANG_WARN_INT_CONVERSION = YES;
				CLANG_WARN_OBJC_ROOT_CLASS = YES_ERROR;
				CLANG_WARN_UNREACHABLE_CODE = YES;
				CLANG_WARN__DUPLICATE_METHOD_MATCH = YES;
				"CODE_SIGN_IDENTITY[sdk=iphoneos*]" = "iPhone Developer";
				COPY_PHASE_STRIP = NO;
				DEBUG_INFORMATION_FORMAT = "dwarf-with-dsym";
				ENABLE_NS_ASSERTIONS = NO;
				ENABLE_STRICT_OBJC_MSGSEND = YES;
				GCC_C_LANGUAGE_STANDARD = gnu99;
				GCC_NO_COMMON_BLOCKS = YES;
				GCC_WARN_64_TO_32_BIT_CONVERSION = YES;
				GCC_WARN_ABOUT_RETURN_TYPE = YES_ERROR;
				GCC_WARN_UNDECLARED_SELECTOR = YES;
				GCC_WARN_UNINITIALIZED_AUTOS = YES_AGGRESSIVE;
				GCC_WARN_UNUSED_FUNCTION = YES;
				GCC_WARN_UNUSED_VARIABLE = YES;
				IPHONEOS_DEPLOYMENT_TARGET = 8.4;
				MTL_ENABLE_DEBUG_INFO = NO;
				SDKROOT = iphoneos;
				VALIDATE_PRODUCT = YES;
			};
			name = Release;
		};
		509281D61B93FF18008B303C /* Debug */ = {
			isa = XCBuildConfiguration;
			buildSettings = {
				ASSETCATALOG_COMPILER_APPICON_NAME = AppIcon;
				INFOPLIST_FILE = myBlock/Info.plist;
				LD_RUNPATH_SEARCH_PATHS = "$(inherited) @executable_path/Frameworks";
				PRODUCT_NAME = "$(TARGET_NAME)";
			};
			name = Debug;
		};
		509281D71B93FF18008B303C /* Release */ = {
			isa = XCBuildConfiguration;
			buildSettings = {
				ASSETCATALOG_COMPILER_APPICON_NAME = AppIcon;
				INFOPLIST_FILE = myBlock/Info.plist;
				LD_RUNPATH_SEARCH_PATHS = "$(inherited) @executable_path/Frameworks";
				PRODUCT_NAME = "$(TARGET_NAME)";
			};
			name = Release;
		};
		509281D91B93FF18008B303C /* Debug */ = {
			isa = XCBuildConfiguration;
			buildSettings = {
				BUNDLE_LOADER = "$(TEST_HOST)";
				FRAMEWORK_SEARCH_PATHS = (
					"$(SDKROOT)/Developer/Library/Frameworks",
					"$(inherited)",
				);
				GCC_PREPROCESSOR_DEFINITIONS = (
					"DEBUG=1",
					"$(inherited)",
				);
				INFOPLIST_FILE = myBlockTests/Info.plist;
				LD_RUNPATH_SEARCH_PATHS = "$(inherited) @executable_path/Frameworks @loader_path/Frameworks";
				PRODUCT_NAME = "$(TARGET_NAME)";
				TEST_HOST = "$(BUILT_PRODUCTS_DIR)/myBlock.app/myBlock";
			};
			name = Debug;
		};
		509281DA1B93FF18008B303C /* Release */ = {
			isa = XCBuildConfiguration;
			buildSettings = {
				BUNDLE_LOADER = "$(TEST_HOST)";
				FRAMEWORK_SEARCH_PATHS = (
					"$(SDKROOT)/Developer/Library/Frameworks",
					"$(inherited)",
				);
				INFOPLIST_FILE = myBlockTests/Info.plist;
				LD_RUNPATH_SEARCH_PATHS = "$(inherited) @executable_path/Frameworks @loader_path/Frameworks";
				PRODUCT_NAME = "$(TARGET_NAME)";
				TEST_HOST = "$(BUILT_PRODUCTS_DIR)/myBlock.app/myBlock";
			};
			name = Release;
		};
/* End XCBuildConfiguration section */

/* Begin XCConfigurationList section */
		509281AD1B93FF18008B303C /* Build configuration list for PBXProject "myBlock" */ = {
			isa = XCConfigurationList;
			buildConfigurations = (
				509281D31B93FF18008B303C /* Debug */,
				509281D41B93FF18008B303C /* Release */,
			);
			defaultConfigurationIsVisible = 0;
			defaultConfigurationName = Release;
		};
		509281D51B93FF18008B303C /* Build configuration list for PBXNativeTarget "myBlock" */ = {
			isa = XCConfigurationList;
			buildConfigurations = (
				509281D61B93FF18008B303C /* Debug */,
				509281D71B93FF18008B303C /* Release */,
			);
			defaultConfigurationIsVisible = 0;
		};
		509281D81B93FF18008B303C /* Build configuration list for PBXNativeTarget "myBlockTests" */ = {
			isa = XCConfigurationList;
			buildConfigurations = (
				509281D91B93FF18008B303C /* Debug */,
				509281DA1B93FF18008B303C /* Release */,
			);
			defaultConfigurationIsVisible = 0;
		};
/* End XCConfigurationList section */
	};
	rootObject = 509281AA1B93FF18008B303C /* Project object */;
}
